
Microsoft Visual Studio Solution File, Format Version 12.00
# Visual Studio Version 16
VisualStudioVersion = 16.0.29806.167
MinimumVisualStudioVersion = 10.0.40219.1
Project("{FAE04EC0-301F-11D3-BF4B-00C04F79EFBC}") = "DatabaseLinkBootcamp", "DatabaseLinkBootcamp\DatabaseLinkBootcamp.csproj", "{FC8D2DD3-3121-49F4-A7F6-516126BB4909}"
EndProject
Global
	GlobalSection(SolutionConfigurationPlatforms) = preSolution
		Debug|Any CPU = Debug|Any CPU
		Release|Any CPU = Release|Any CPU
	EndGlobalSection
	GlobalSection(ProjectConfigurationPlatforms) = postSolution
		{FC8D2DD3-3121-49F4-A7F6-516126BB4909}.Debug|Any CPU.ActiveCfg = Debug|Any CPU
		{FC8D2DD3-3121-49F4-A7F6-516126BB4909}.Debug|Any CPU.Build.0 = Debug|Any CPU
		{FC8D2DD3-3121-49F4-A7F6-516126BB4909}.Release|Any CPU.ActiveCfg = Release|Any CPU
		{FC8D2DD3-3121-49F4-A7F6-516126BB4909}.Release|Any CPU.Build.0 = Release|Any CPU
	EndGlobalSection
	GlobalSection(SolutionProperties) = preSolution
		HideSolutionNode = FALSE
	EndGlobalSection
	GlobalSection(ExtensibilityGlobals) = postSolution
		SolutionGuid = {ABDEC6DF-014B-470C-86A2-57BD11AC0386}
	EndGlobalSection
EndGlobal
